
Microsoft Visual Studio Solution File, Format Version 12.00
# Visual Studio 2015
Project("{FAE04EC0-301F-11D3-BF4B-00C04F79EFBC}") = "TanksPluggableAI", "TanksPluggableAI.csproj", "{F2FC2577-8511-48B1-E2D4-25B59C593AFE}"
EndProject
Project("{FAE04EC0-301F-11D3-BF4B-00C04F79EFBC}") = "TanksPluggableAI.Editor", "TanksPluggableAI.Editor.csproj", "{0C7D090A-C75B-FB39-3706-A3D44AD23515}"
EndProject
Global
	GlobalSection(SolutionConfigurationPlatforms) = preSolution
		Debug|Any CPU = Debug|Any CPU
		Release|Any CPU = Release|Any CPU
	EndGlobalSection
	GlobalSection(ProjectConfigurationPlatforms) = postSolution
		{F2FC2577-8511-48B1-E2D4-25B59C593AFE}.Debug|Any CPU.ActiveCfg = Debug|Any CPU
		{F2FC2577-8511-48B1-E2D4-25B59C593AFE}.Debug|Any CPU.Build.0 = Debug|Any CPU
		{F2FC2577-8511-48B1-E2D4-25B59C593AFE}.Release|Any CPU.ActiveCfg = Release|Any CPU
		{F2FC2577-8511-48B1-E2D4-25B59C593AFE}.Release|Any CPU.Build.0 = Release|Any CPU
		{0C7D090A-C75B-FB39-3706-A3D44AD23515}.Debug|Any CPU.ActiveCfg = Debug|Any CPU
		{0C7D090A-C75B-FB39-3706-A3D44AD23515}.Debug|Any CPU.Build.0 = Debug|Any CPU
		{0C7D090A-C75B-FB39-3706-A3D44AD23515}.Release|Any CPU.ActiveCfg = Release|Any CPU
		{0C7D090A-C75B-FB39-3706-A3D44AD23515}.Release|Any CPU.Build.0 = Release|Any CPU
	EndGlobalSection
	GlobalSection(SolutionProperties) = preSolution
		HideSolutionNode = FALSE
	EndGlobalSection
EndGlobal
